
Microsoft Visual Studio Solution File, Format Version 12.00
# Visual Studio Version 16
VisualStudioVersion = 16.0.29926.136
MinimumVisualStudioVersion = 10.0.40219.1
Project("{FAE04EC0-301F-11D3-BF4B-00C04F79EFBC}") = "AntControl", "AntControl.csproj", "{FF791630-112D-4F7A-856E-A650D0A4A21B}"
EndProject
Global
	GlobalSection(SolutionConfigurationPlatforms) = preSolution
		Debug|Any CPU = Debug|Any CPU
		Release|Any CPU = Release|Any CPU
	EndGlobalSection
	GlobalSection(ProjectConfigurationPlatforms) = postSolution
		{FF791630-112D-4F7A-856E-A650D0A4A21B}.Debug|Any CPU.ActiveCfg = Debug|Any CPU
		{FF791630-112D-4F7A-856E-A650D0A4A21B}.Debug|Any CPU.Build.0 = Debug|Any CPU
		{FF791630-112D-4F7A-856E-A650D0A4A21B}.Release|Any CPU.ActiveCfg = Release|Any CPU
		{FF791630-112D-4F7A-856E-A650D0A4A21B}.Release|Any CPU.Build.0 = Release|Any CPU
	EndGlobalSection
	GlobalSection(SolutionProperties) = preSolution
		HideSolutionNode = FALSE
	EndGlobalSection
	GlobalSection(ExtensibilityGlobals) = postSolution
		SolutionGuid = {19BAAA97-F520-46BA-9CD3-D4D0CA126B75}
	EndGlobalSection
EndGlobal
